{
	"_OFProjectGeneratorVersion": "0.103.0",
	"archiveVersion": "1",
	"classes": {},
	"objectVersion": "54",
	"objects": {
		"14545AE1-A117-4E85-BE81-6E3C3DCD6AC1": {
			"fileRef": "A657F1C5-9801-4483-99AD-03CE94A8E9F9",
			"isa": "PBXBuildFile",
			"settings": {
				"ATTRIBUTES": [
					"CodeSignOnCopy"
				]
			}
		},
		"191CD6FA2847E21E0085CBB6": {
			"fileEncoding": "4",
			"isa": "PBXFileReference",
			"lastKnownFileType": "text.plist.entitlements",
			"path": "of.entitlements",
			"sourceTree": "<group>"
		},
		"191EF70929D778A400F35F26": {
			"isa": "PBXFileReference",
			"lastKnownFileType": "folder",
			"name": "openFrameworks",
			"path": "../../../libs/openFrameworks",
			"sourceTree": "SOURCE_ROOT"
		},
		"19B2A2E9-1A79-4697-9E31-050ADEDC414A": {
			"fileEncoding": "4",
			"isa": "PBXFileReference",
			"lastKnownFileType": "sourcecode.cpp.h",
			"name": "onnxruntime_env_config_keys.h",
			"sourceTree": "<group>"
		},
		"19B789C429E5AB4A0082E9B8": {
			"alwaysOutOfDate": "1",
			"buildActionMask": "2147483647",
			"files": [],
			"inputFileListPaths": [],
			"inputPaths": [],
			"isa": "PBXShellScriptBuildPhase",
			"outputFileListPaths": [],
			"outputPaths": [],
			"runOnlyForDeploymentPostprocessing": "0",
			"shellPath": "/bin/sh",
			"shellScript": "\"$OF_PATH/scripts/osx/xcode_project.sh\"\n",
			"showEnvVarsInLog": "0"
		},
		"1BF453F4-8360-4615-AB55-A8EFC4ED9C50": {
			"children": [
				"470E788C-EF77-4E57-969F-4937FCB32E62",
				"761E9499-167F-4F66-A794-44910D77CEEE"
			],
			"isa": "PBXGroup",
			"name": "providers",
			"path": "providers",
			"sourceTree": "<group>"
		},
		"27B8E999-AAA7-40FB-A33D-FA9333406468": {
			"fileRef": "4535C0BF-6F6D-4DD1-97B5-9A3287D1826F",
			"isa": "PBXBuildFile",
			"settings": {
				"ATTRIBUTES": [
					"CodeSignOnCopy"
				]
			}
		},
		"34C5FADB-59BB-40C2-BFC1-143D97D81C30": {
			"fileEncoding": "4",
			"isa": "PBXFileReference",
			"lastKnownFileType": "sourcecode.cpp.h",
			"name": "onnxruntime_error_code.h",
			"sourceTree": "<group>"
		},
		"3AF0E83B-E7E5-4D00-B0B7-37CD4BFF7D05": {
			"children": [
				"F0D4EC0F-BB3B-439F-A882-7C04CA250CA5",
				"B4845B23-6F0B-41E8-929B-2BAAA1E5C4DD"
			],
			"isa": "PBXGroup",
			"name": "ofxOnnxRuntime",
			"path": "ofxOnnxRuntime",
			"sourceTree": "<group>"
		},
		"4535C0BF-6F6D-4DD1-97B5-9A3287D1826F": {
			"fileEncoding": "4",
			"isa": "PBXFileReference",
			"lastKnownFileType": "compiled.mach-o.dylib",
			"name": "libonnxruntime.1.28.2.dylib",
			"sourceTree": "<group>"
		},
		"470E788C-EF77-4E57-969F-4937FCB32E62": {
			"fileEncoding": "4",
			"isa": "PBXFileReference",
			"lastKnownFileType": "sourcecode.cpp.h",
			"name": "custom_op_context.h",
			"sourceTree": "<group>"
		},
		"48214C48-930B-4DD9-82FF-A0890E11CC92": {
			"fileEncoding": "4",
			"isa": "PBXFileReference",
			"lastKnownFileType": "sourcecode.cpp.h",
			"name": "coreml_provider_factory.h",
			"sourceTree": "<group>"
		},
		"53328254-BE4C-4D4E-9212-76D8F8B779FA": {
			"fileEncoding": "4",
			"isa": "PBXFileReference",
			"lastKnownFileType": "folder",
			"name": "data",
			"path": "bin/data",
			"sourceTree": "SOURCE_ROOT"
		},
		"60591913-40CC-4160-A8BA-47E15BF73B48": {
			"fileEncoding": "4",
			"isa": "PBXFileReference",
			"lastKnownFileType": "sourcecode.cpp.h",
			"name": "onnxruntime_experimental_cxx_api.h",
			"sourceTree": "<group>"
		},
		"611FE64B-36F5-409F-BFF1-A2F1DC7C6FCA": {
			"fileEncoding": "4",
			"isa": "PBXFileReference",
			"lastKnownFileType": "sourcecode.cpp.cpp",
			"name": "ofxOnnxRuntime.cpp",
			"sourceTree": "<group>"
		},
		"66F6C8AF-CAE1-4388-AC9F-487625B7EE69": {
			"children": [
				"7A97D2B7-315A-4E20-BBCC-27625F112120"
			],
			"isa": "PBXGroup",
			"name": "lib",
			"path": "lib",
			"sourceTree": "<group>"
		},
		"6984120D-6750-4735-AA61-43D7342D8859": {
			"fileEncoding": "4",
			"isa": "PBXFileReference",
			"lastKnownFileType": "sourcecode.cpp.h",
			"name": "onnxruntime_float16.h",
			"sourceTree": "<group>"
		},
		"6F4F33CF-1FB8-472F-BD2C-F827E8BE18BF": {
			"fileEncoding": "4",
			"isa": "PBXFileReference",
			"lastKnownFileType": "sourcecode.cpp.h",
			"name": "onnxruntime_lite_custom_op.h",
			"sourceTree": "<group>"
		},
		"73ED369E-0A67-4F18-AD25-8256180C6ADD": {
			"fileEncoding": "4",
			"isa": "PBXFileReference",
			"lastKnownFileType": "sourcecode.cpp.h",
			"name": "webgpu_provider_factory.h",
			"sourceTree": "<group>"
		},
		"761E9499-167F-4F66-A794-44910D77CEEE": {
			"fileEncoding": "4",
			"isa": "PBXFileReference",
			"lastKnownFileType": "sourcecode.cpp.h",
			"name": "resource.h",
			"sourceTree": "<group>"
		},
		"7A97D2B7-315A-4E20-BBCC-27625F112120": {
			"children": [
				"4535C0BF-6F6D-4DD1-97B5-9A3287D1826F",
				"A657F1C5-9801-4483-99AD-03CE94A8E9F9",
				"B3D6E8F5-6080-45AD-8FCE-6D70036077FA"
			],
			"isa": "PBXGroup",
			"name": "osx",
			"path": "osx",
			"sourceTree": "<group>"
		},
		"8A174677-B958-4A6A-8B9A-A19F46E16F72": {
			"fileEncoding": "4",
			"isa": "PBXFileReference",
			"lastKnownFileType": "sourcecode.cpp.h",
			"name": "onnxruntime_cxx_api.h",
			"sourceTree": "<group>"
		},
		"8F88898F-4E31-4DC2-AEE1-E66A467E34FB": {
			"fileRef": "611FE64B-36F5-409F-BFF1-A2F1DC7C6FCA",
			"isa": "PBXBuildFile"
		},
		"971B6C92-BB80-4351-9D79-C455DB34A173": {
			"children": [
				"EA28D715-E2DF-49C4-A734-0C7357A5050A",
				"48214C48-930B-4DD9-82FF-A0890E11CC92",
				"AAD9F7F1-49DF-4C29-8854-61F6F4B6B415",
				"E42574DF-D66A-40F9-A376-FDEE738F6A97",
				"8A174677-B958-4A6A-8B9A-A19F46E16F72",
				"F3C1AD9C-A896-4088-BA89-5155D5F5B6BC",
				"19B2A2E9-1A79-4697-9E31-050ADEDC414A",
				"AB72DFD6-5FFA-4CE7-8285-9AC675E2B404",
				"B2BDC6C9-F803-453B-B7B6-96F3F8F88F3B",
				"34C5FADB-59BB-40C2-BFC1-143D97D81C30",
				"C292FBE8-7960-4C66-903B-6A16A66B889B",
				"60591913-40CC-4160-A8BA-47E15BF73B48",
				"6984120D-6750-4735-AA61-43D7342D8859",
				"6F4F33CF-1FB8-472F-BD2C-F827E8BE18BF",
				"DE5412E7-D408-4B26-8324-8CE800F0AA9D",
				"C47A8A9F-4083-43E5-AAA6-71A09EFABE9A",
				"9C5BC7B7-B4F1-4709-B57E-F0BD0A78E174",
				"73ED369E-0A67-4F18-AD25-8256180C6ADD"
			],
			"isa": "PBXGroup",
			"name": "include",
			"path": "include",
			"sourceTree": "<group>"
		},
		"9C5BC7B7-B4F1-4709-B57E-F0BD0A78E174": {
			"fileEncoding": "4",
			"isa": "PBXFileReference",
			"lastKnownFileType": "sourcecode.cpp.h",
			"name": "provider_options.h",
			"sourceTree": "<group>"
		},
		"A657F1C5-9801-4483-99AD-03CE94A8E9F9": {
			"fileEncoding": "4",
			"isa": "PBXFileReference",
			"lastKnownFileType": "compiled.mach-o.dylib",
			"name": "libonnxruntime.dylib",
			"sourceTree": "<group>"
		},
		"AAD9F7F1-49DF-4C29-8854-61F6F4B6B415": {
			"fileEncoding": "4",
			"isa": "PBXFileReference",
			"lastKnownFileType": "sourcecode.cpp.h",
			"name": "cpu_provider_factory.h",
			"sourceTree": "<group>"
		},
		"AB72DFD6-5FFA-4CE7-8285-9AC675E2B404": {
			"fileEncoding": "4",
			"isa": "PBXFileReference",
			"lastKnownFileType": "sourcecode.cpp.h",
			"name": "onnxruntime_ep_c_api.h",
			"sourceTree": "<group>"
		},
		"B2BDC6C9-F803-453B-B7B6-96F3F8F88F3B": {
			"fileEncoding": "4",
			"isa": "PBXFileReference",
			"lastKnownFileType": "sourcecode.cpp.h",
			"name": "onnxruntime_ep_device_ep_metadata_keys.h",
			"sourceTree": "<group>"
		},
		"B3D6E8F5-6080-45AD-8FCE-6D70036077FA": {
			"fileEncoding": "4",
			"isa": "PBXFileReference",
			"lastKnownFileType": "compiled.mach-o.dylib",
			"name": "libonnxruntime.1.dylib",
			"sourceTree": "<group>"
		},
		"B4845B23-6F0B-41E8-929B-2BAAA1E5C4DD": {
			"children": [
				"611FE64B-36F5-409F-BFF1-A2F1DC7C6FCA",
				"FF1C5476-5F6E-451C-AA97-A5539DCA7E4B"
			],
			"isa": "PBXGroup",
			"name": "src",
			"path": "src",
			"sourceTree": "<group>"
		},
		"BB4B014C10F69532006C3DED": {
			"children": [
				"3AF0E83B-E7E5-4D00-B0B7-37CD4BFF7D05"
			],
			"isa": "PBXGroup",
			"name": "addons",
			"path": "../../../addons",
			"sourceTree": "SOURCE_ROOT"
		},
		"C292FBE8-7960-4C66-903B-6A16A66B889B": {
			"fileEncoding": "4",
			"isa": "PBXFileReference",
			"lastKnownFileType": "sourcecode.cpp.h",
			"name": "onnxruntime_experimental_c_api.h",
			"sourceTree": "<group>"
		},
		"C47A8A9F-4083-43E5-AAA6-71A09EFABE9A": {
			"fileEncoding": "4",
			"isa": "PBXFileReference",
			"lastKnownFileType": "sourcecode.cpp.h",
			"name": "onnxruntime_session_options_config_keys.h",
			"sourceTree": "<group>"
		},
		"DE1A397B-C0FB-4305-8392-5BA1D50D92EB": {
			"children": [
				"66F6C8AF-CAE1-4388-AC9F-487625B7EE69",
				"971B6C92-BB80-4351-9D79-C455DB34A173"
			],
			"isa": "PBXGroup",
			"name": "onnxruntime",
			"path": "onnxruntime",
			"sourceTree": "<group>"
		},
		"DE5412E7-D408-4B26-8324-8CE800F0AA9D": {
			"fileEncoding": "4",
			"isa": "PBXFileReference",
			"lastKnownFileType": "sourcecode.cpp.h",
			"name": "onnxruntime_run_options_config_keys.h",
			"sourceTree": "<group>"
		},
		"E2E7668A-B5E5-4D52-9821-E78C663968AB": {
			"fileRef": "B3D6E8F5-6080-45AD-8FCE-6D70036077FA",
			"isa": "PBXBuildFile",
			"settings": {
				"ATTRIBUTES": [
					"CodeSignOnCopy"
				]
			}
		},
		"E42574DF-D66A-40F9-A376-FDEE738F6A97": {
			"fileEncoding": "4",
			"isa": "PBXFileReference",
			"lastKnownFileType": "sourcecode.cpp.h",
			"name": "onnxruntime_c_api.h",
			"sourceTree": "<group>"
		},
		"E42962A92163ECCD00A6A9E2": {
			"alwaysOutOfDate": "1",
			"buildActionMask": "2147483647",
			"files": [],
			"inputPaths": [],
			"isa": "PBXShellScriptBuildPhase",
			"name": "Run Script — Compile OF",
			"outputPaths": [],
			"runOnlyForDeploymentPostprocessing": "0",
			"shellPath": "/bin/sh",
			"shellScript": "$OF_CORE_BUILD_COMMAND\n",
			"showEnvVarsInLog": "0"
		},
		"E4A5B60F29BAAAE400C2D356": {
			"buildActionMask": "2147483647",
			"dstPath": "",
			"dstSubfolderSpec": "6",
			"files": [],
			"isa": "PBXCopyFilesBuildPhase",
			"runOnlyForDeploymentPostprocessing": "0"
		},
		"E4B69B4A0A3A1720003C02F2": {
			"children": [
				"191CD6FA2847E21E0085CBB6",
				"E4B6FCAD0C3E899E008CF71C",
				"E4EB6923138AFD0F00A09F29",
				"E4B69E1C0A3A1BDC003C02F2",
				"191EF70929D778A400F35F26",
				"BB4B014C10F69532006C3DED",
				"E4B69B5B0A3A1756003C02F2",
				"53328254-BE4C-4D4E-9212-76D8F8B779FA"
			],
			"isa": "PBXGroup",
			"sourceTree": "<group>"
		},
		"E4B69B4C0A3A1720003C02F2": {
			"attributes": {
				"BuildIndependentTargetsInParallel": "YES",
				"LastUpgradeCheck": "1540"
			},
			"buildConfigurationList": "E4B69B4D0A3A1720003C02F2",
			"compatibilityVersion": "Xcode 3.2",
			"developmentRegion": "en",
			"hasScannedForEncodings": "0",
			"isa": "PBXProject",
			"knownRegions": [
				"en",
				"Base"
			],
			"mainGroup": "E4B69B4A0A3A1720003C02F2",
			"productRefGroup": "E4B69B4A0A3A1720003C02F2",
			"projectDirPath": "",
			"projectRoot": "",
			"targets": [
				"E4B69B5A0A3A1756003C02F2"
			]
		},
		"E4B69B4D0A3A1720003C02F2": {
			"buildConfigurations": [
				"E4B69B4E0A3A1720003C02F2",
				"E4B69B4F0A3A1720003C02F2"
			],
			"defaultConfigurationIsVisible": "0",
			"defaultConfigurationName": "Release",
			"isa": "XCConfigurationList"
		},
		"E4B69B4E0A3A1720003C02F2": {
			"baseConfigurationReference": "E4EB6923138AFD0F00A09F29",
			"buildSettings": {
				"CODE_SIGN_ENTITLEMENTS": "of.entitlements",
				"COPY_PHASE_STRIP": "NO",
				"ENABLE_TESTABILITY": "YES",
				"GCC_OPTIMIZATION_LEVEL": "0",
				"GCC_WARN_UNUSED_VARIABLE": "NO",
				"HEADER_SEARCH_PATHS": [
					"$(OF_CORE_HEADERS)",
					"src"
				],
				"OTHER_CPLUSPLUSFLAGS": "-D__MACOSX_CORE__"
			},
			"isa": "XCBuildConfiguration",
			"name": "Debug"
		},
		"E4B69B4F0A3A1720003C02F2": {
			"baseConfigurationReference": "E4EB6923138AFD0F00A09F29",
			"buildSettings": {
				"CODE_SIGN_ENTITLEMENTS": "of.entitlements",
				"COPY_PHASE_STRIP": "YES",
				"GCC_OPTIMIZATION_LEVEL": "3",
				"GCC_UNROLL_LOOPS": "YES",
				"HEADER_SEARCH_PATHS": [
					"$(OF_CORE_HEADERS)",
					"src"
				],
				"OTHER_CPLUSPLUSFLAGS": "-D__MACOSX_CORE__"
			},
			"isa": "XCBuildConfiguration",
			"name": "Release"
		},
		"E4B69B580A3A1756003C02F2": {
			"buildActionMask": "2147483647",
			"files": [
				"E4B69E200A3A1BDC003C02F2",
				"E4B69E210A3A1BDC003C02F2",
				"27B8E999-AAA7-40FB-A33D-FA9333406468",
				"14545AE1-A117-4E85-BE81-6E3C3DCD6AC1",
				"E2E7668A-B5E5-4D52-9821-E78C663968AB",
				"8F88898F-4E31-4DC2-AEE1-E66A467E34FB"
			],
			"isa": "PBXSourcesBuildPhase",
			"runOnlyForDeploymentPostprocessing": "0"
		},
		"E4B69B590A3A1756003C02F2": {
			"buildActionMask": "2147483647",
			"files": [],
			"isa": "PBXFrameworksBuildPhase",
			"runOnlyForDeploymentPostprocessing": "0"
		},
		"E4B69B5A0A3A1756003C02F2": {
			"buildConfigurationList": "E4B69B5F0A3A1757003C02F2",
			"buildPhases": [
				"E42962A92163ECCD00A6A9E2",
				"E4B69B580A3A1756003C02F2",
				"E4B69B590A3A1756003C02F2",
				"E4C2427710CC5ABF004149E2",
				"E4A5B60F29BAAAE400C2D356",
				"19B789C429E5AB4A0082E9B8"
			],
			"buildRules": [],
			"dependencies": [],
			"isa": "PBXNativeTarget",
			"name": "example-onnx_mnist",
			"productName": "myOFApp",
			"productReference": "E4B69B5B0A3A1756003C02F2",
			"productType": "com.apple.product-type.application"
		},
		"E4B69B5B0A3A1756003C02F2": {
			"explicitFileType": "wrapper.application",
			"includeInIndex": "0",
			"isa": "PBXFileReference",
			"path": "example-onnx_mnistDebug.app",
			"sourceTree": "BUILT_PRODUCTS_DIR"
		},
		"E4B69B5F0A3A1757003C02F2": {
			"buildConfigurations": [
				"E4B69B600A3A1757003C02F2",
				"E4B69B610A3A1757003C02F2"
			],
			"defaultConfigurationIsVisible": "0",
			"defaultConfigurationName": "Release",
			"isa": "XCConfigurationList"
		},
		"E4B69B600A3A1757003C02F2": {
			"baseConfigurationReference": "E4EB6923138AFD0F00A09F29",
			"buildSettings": {
				"ARCHS": "$(ARCHS_STANDARD)",
				"COPY_PHASE_STRIP": "NO",
				"FRAMEWORK_SEARCH_PATHS": "$(inherited)",
				"GCC_DYNAMIC_NO_PIC": "NO",
				"HEADER_SEARCH_PATHS": [
					"$(OF_CORE_HEADERS)",
					"src",
					"src",
					"../libs/onnxruntime/include",
					"../src"
				],
				"LIBRARY_SEARCH_PATHS": "$(inherited)",
				"OTHER_LDFLAGS": [
					"$(OF_CORE_LIBS)",
					"$(OF_CORE_FRAMEWORKS)",
					"$(LIB_OF_DEBUG)",
					"../libs/onnxruntime/lib/osx/libonnxruntime.1.28.2.dylib",
					"../libs/onnxruntime/lib/osx/libonnxruntime.dylib",
					"../libs/onnxruntime/lib/osx/libonnxruntime.1.28.2.dylib",
					"-Xlinker",
					"-rpath",
					"-Xlinker",
					"@executable_path"
				]
			},
			"isa": "XCBuildConfiguration",
			"name": "Debug"
		},
		"E4B69B610A3A1757003C02F2": {
			"baseConfigurationReference": "E4EB6923138AFD0F00A09F29",
			"buildSettings": {
				"ARCHS": "$(ARCHS_STANDARD)",
				"COPY_PHASE_STRIP": "YES",
				"FRAMEWORK_SEARCH_PATHS": "$(inherited)",
				"HEADER_SEARCH_PATHS": [
					"$(OF_CORE_HEADERS)",
					"src",
					"src",
					"../libs/onnxruntime/include",
					"../src"
				],
				"LIBRARY_SEARCH_PATHS": "$(inherited)",
				"OTHER_LDFLAGS": [
					"$(OF_CORE_LIBS)",
					"$(OF_CORE_FRAMEWORKS)",
					"$(LIB_OF_RELEASE)",
					"../libs/onnxruntime/lib/osx/libonnxruntime.1.28.2.dylib",
					"../libs/onnxruntime/lib/osx/libonnxruntime.dylib",
					"../libs/onnxruntime/lib/osx/libonnxruntime.1.28.2.dylib",
					"-Xlinker",
					"-rpath",
					"-Xlinker",
					"@executable_path"
				],
				"baseConfigurationReference": "E4EB6923138AFD0F00A09F29"
			},
			"isa": "XCBuildConfiguration",
			"name": "Release"
		},
		"E4B69E1C0A3A1BDC003C02F2": {
			"children": [
				"E4B69E1D0A3A1BDC003C02F2",
				"E4B69E1E0A3A1BDC003C02F2",
				"E4B69E1F0A3A1BDC003C02F2"
			],
			"isa": "PBXGroup",
			"path": "src",
			"sourceTree": "SOURCE_ROOT"
		},
		"E4B69E1D0A3A1BDC003C02F2": {
			"fileEncoding": "4",
			"isa": "PBXFileReference",
			"lastKnownFileType": "sourcecode.cpp.cpp",
			"name": "main.cpp",
			"path": "src/main.cpp",
			"sourceTree": "SOURCE_ROOT"
		},
		"E4B69E1E0A3A1BDC003C02F2": {
			"explicitFileType": "sourcecode.cpp.cpp",
			"fileEncoding": "4",
			"isa": "PBXFileReference",
			"name": "ofApp.cpp",
			"path": "src/ofApp.cpp",
			"sourceTree": "SOURCE_ROOT"
		},
		"E4B69E1F0A3A1BDC003C02F2": {
			"fileEncoding": "4",
			"isa": "PBXFileReference",
			"lastKnownFileType": "sourcecode.c.h",
			"name": "ofApp.h",
			"path": "src/ofApp.h",
			"sourceTree": "SOURCE_ROOT"
		},
		"E4B69E200A3A1BDC003C02F2": {
			"fileRef": "E4B69E1D0A3A1BDC003C02F2",
			"isa": "PBXBuildFile"
		},
		"E4B69E210A3A1BDC003C02F2": {
			"fileRef": "E4B69E1E0A3A1BDC003C02F2",
			"isa": "PBXBuildFile"
		},
		"E4B6FCAD0C3E899E008CF71C": {
			"fileEncoding": "4",
			"isa": "PBXFileReference",
			"lastKnownFileType": "text.plist.xml",
			"path": "openFrameworks-Info.plist",
			"sourceTree": "<group>"
		},
		"E4C2427710CC5ABF004149E2": {
			"buildActionMask": "2147483647",
			"dstPath": "",
			"dstSubfolderSpec": "10",
			"files": [],
			"isa": "PBXCopyFilesBuildPhase",
			"runOnlyForDeploymentPostprocessing": "0"
		},
		"E4EB6923138AFD0F00A09F29": {
			"fileEncoding": "4",
			"isa": "PBXFileReference",
			"lastKnownFileType": "text.xcconfig",
			"path": "Project.xcconfig",
			"sourceTree": "<group>"
		},
		"EA28D715-E2DF-49C4-A734-0C7357A5050A": {
			"children": [
				"1BF453F4-8360-4615-AB55-A8EFC4ED9C50"
			],
			"isa": "PBXGroup",
			"name": "core",
			"path": "core",
			"sourceTree": "<group>"
		},
		"F0D4EC0F-BB3B-439F-A882-7C04CA250CA5": {
			"children": [
				"DE1A397B-C0FB-4305-8392-5BA1D50D92EB"
			],
			"isa": "PBXGroup",
			"name": "libs",
			"path": "libs",
			"sourceTree": "<group>"
		},
		"F3C1AD9C-A896-4088-BA89-5155D5F5B6BC": {
			"fileEncoding": "4",
			"isa": "PBXFileReference",
			"lastKnownFileType": "sourcecode.cpp.h",
			"name": "onnxruntime_cxx_inline.h",
			"sourceTree": "<group>"
		},
		"FF1C5476-5F6E-451C-AA97-A5539DCA7E4B": {
			"fileEncoding": "4",
			"isa": "PBXFileReference",
			"lastKnownFileType": "sourcecode.cpp.h",
			"name": "ofxOnnxRuntime.h",
			"sourceTree": "<group>"
		}
	},
	"rootObject": "E4B69B4C0A3A1720003C02F2"
}